
Microsoft Visual Studio Solution File, Format Version 12.00
# Visual Studio Version 17
VisualStudioVersion = 17.2.32630.192
MinimumVisualStudioVersion = 10.0.40219.1
Project("{9A19103F-16F7-4668-BE54-9A1E7A4F7556}") = "MovieShopMVC", "MovieShopMVC\MovieShopMVC.csproj", "{786CCF89-9BB9-4E41-9F98-8A3EC5D82DDD}"
EndProject
Project("{9A19103F-16F7-4668-BE54-9A1E7A4F7556}") = "Infrastructure", "Infrastructure\Infrastructure.csproj", "{853C6920-CB96-4859-9A83-DB0DB6779343}"
EndProject
Project("{9A19103F-16F7-4668-BE54-9A1E7A4F7556}") = "ApplicationCore", "ApplicationCore\ApplicationCore.csproj", "{C5C8B62A-2862-40B1-85EB-245DE9B2A445}"
EndProject
Project("{FAE04EC0-301F-11D3-BF4B-00C04F79EFBC}") = "MovieShopAPI", "MovieShopAPI\MovieShopAPI.csproj", "{FA888BDD-E512-4F04-B2C9-E2E64D1DA4A0}"
EndProject
Global
	GlobalSection(SolutionConfigurationPlatforms) = preSolution
		Debug|Any CPU = Debug|Any CPU
		Release|Any CPU = Release|Any CPU
	EndGlobalSection
	GlobalSection(ProjectConfigurationPlatforms) = postSolution
		{786CCF89-9BB9-4E41-9F98-8A3EC5D82DDD}.Debug|Any CPU.ActiveCfg = Debug|Any CPU
		{786CCF89-9BB9-4E41-9F98-8A3EC5D82DDD}.Debug|Any CPU.Build.0 = Debug|Any CPU
		{786CCF89-9BB9-4E41-9F98-8A3EC5D82DDD}.Release|Any CPU.ActiveCfg = Release|Any CPU
		{786CCF89-9BB9-4E41-9F98-8A3EC5D82DDD}.Release|Any CPU.Build.0 = Release|Any CPU
		{853C6920-CB96-4859-9A83-DB0DB6779343}.Debug|Any CPU.ActiveCfg = Debug|Any CPU
		{853C6920-CB96-4859-9A83-DB0DB6779343}.Debug|Any CPU.Build.0 = Debug|Any CPU
		{853C6920-CB96-4859-9A83-DB0DB6779343}.Release|Any CPU.ActiveCfg = Release|Any CPU
		{853C6920-CB96-4859-9A83-DB0DB6779343}.Release|Any CPU.Build.0 = Release|Any CPU
		{C5C8B62A-2862-40B1-85EB-245DE9B2A445}.Debug|Any CPU.ActiveCfg = Debug|Any CPU
		{C5C8B62A-2862-40B1-85EB-245DE9B2A445}.Debug|Any CPU.Build.0 = Debug|Any CPU
		{C5C8B62A-2862-40B1-85EB-245DE9B2A445}.Release|Any CPU.ActiveCfg = Release|Any CPU
		{C5C8B62A-2862-40B1-85EB-245DE9B2A445}.Release|Any CPU.Build.0 = Release|Any CPU
		{FA888BDD-E512-4F04-B2C9-E2E64D1DA4A0}.Debug|Any CPU.ActiveCfg = Debug|Any CPU
		{FA888BDD-E512-4F04-B2C9-E2E64D1DA4A0}.Debug|Any CPU.Build.0 = Debug|Any CPU
		{FA888BDD-E512-4F04-B2C9-E2E64D1DA4A0}.Release|Any CPU.ActiveCfg = Release|Any CPU
		{FA888BDD-E512-4F04-B2C9-E2E64D1DA4A0}.Release|Any CPU.Build.0 = Release|Any CPU
	EndGlobalSection
	GlobalSection(SolutionProperties) = preSolution
		HideSolutionNode = FALSE
	EndGlobalSection
	GlobalSection(ExtensibilityGlobals) = postSolution
		SolutionGuid = {D7BDDFDE-DA6B-450A-A3F1-FDE606CD1DA2}
	EndGlobalSection
EndGlobal
